
Microsoft Visual Studio Solution File, Format Version 12.00
# Visual Studio Version 17
VisualStudioVersion = 17.9.34701.34
MinimumVisualStudioVersion = 10.0.40219.1
Project("{8BC9CEB8-8B4A-11D0-8D11-00A0C91BC942}") = "Double_LinkList", "Double_LinkList\Double_LinkList.vcxproj", "{E17C7736-0B9A-4779-8656-A95A03C9B919}"
EndProject
Global
	GlobalSection(SolutionConfigurationPlatforms) = preSolution
		Debug|x64 = Debug|x64
		Debug|x86 = Debug|x86
		Release|x64 = Release|x64
		Release|x86 = Release|x86
	EndGlobalSection
	GlobalSection(ProjectConfigurationPlatforms) = postSolution
		{E17C7736-0B9A-4779-8656-A95A03C9B919}.Debug|x64.ActiveCfg = Debug|x64
		{E17C7736-0B9A-4779-8656-A95A03C9B919}.Debug|x64.Build.0 = Debug|x64
		{E17C7736-0B9A-4779-8656-A95A03C9B919}.Debug|x86.ActiveCfg = Debug|Win32
		{E17C7736-0B9A-4779-8656-A95A03C9B919}.Debug|x86.Build.0 = Debug|Win32
		{E17C7736-0B9A-4779-8656-A95A03C9B919}.Release|x64.ActiveCfg = Release|x64
		{E17C7736-0B9A-4779-8656-A95A03C9B919}.Release|x64.Build.0 = Release|x64
		{E17C7736-0B9A-4779-8656-A95A03C9B919}.Release|x86.ActiveCfg = Release|Win32
		{E17C7736-0B9A-4779-8656-A95A03C9B919}.Release|x86.Build.0 = Release|Win32
	EndGlobalSection
	GlobalSection(SolutionProperties) = preSolution
		HideSolutionNode = FALSE
	EndGlobalSection
	GlobalSection(ExtensibilityGlobals) = postSolution
		SolutionGuid = {594802D8-BEE6-4E74-9084-50EFD86C73A0}
	EndGlobalSection
EndGlobal
